// !$*UTF8*$!
{
	archiveVersion = 1;
	classes = {
	};
	objectVersion = 46;
	objects = {

/* Begin PBXBuildFile section */
		B2FF387E16A791C80062C801 /* UIKit.framework in Frameworks */ = {isa = PBXBuildFile; fileRef = B2FF387D16A791C80062C801 /* UIKit.framework */; };
		B2FF388016A791C80062C801 /* Foundation.framework in Frameworks */ = {isa = PBXBuildFile; fileRef = B2FF387F16A791C80062C801 /* Foundation.framework */; };
		B2FF388216A791C80062C801 /* CoreGraphics.framework in Frameworks */ = {isa = PBXBuildFile; fileRef = B2FF388116A791C80062C801 /* CoreGraphics.framework */; };
		B2FF388816A791C80062C801 /* InfoPlist.strings in Resources */ = {isa = PBXBuildFile; fileRef = B2FF388616A791C80062C801 /* InfoPlist.strings */; };
		B2FF388A16A791C80062C801 /* main.m in Sources */ = {isa = PBXBuildFile; fileRef = B2FF388916A791C80062C801 /* main.m */; };
		B2FF388E16A791C80062C801 /* AppDelegate.m in Sources */ = {isa = PBXBuildFile; fileRef = B2FF388D16A791C80062C801 /* AppDelegate.m */; };
		B2FF389016A791C80062C801 /* Default.png in Resources */ = {isa = PBXBuildFile; fileRef = B2FF388F16A791C80062C801 /* Default.png */; };
		B2FF389216A791C80062C801 /* Default@2x.png in Resources */ = {isa = PBXBuildFile; fileRef = B2FF389116A791C80062C801 /* Default@2x.png */; };
		B2FF389416A791C80062C801 /* Default-568h@2x.png in Resources */ = {isa = PBXBuildFile; fileRef = B2FF389316A791C80062C801 /* Default-568h@2x.png */; };
		B2FF389716A791C80062C801 /* MainStoryboard.storyboard in Resources */ = {isa = PBXBuildFile; fileRef = B2FF389516A791C80062C801 /* MainStoryboard.storyboard */; };
		B2FF389A16A791C80062C801 /* ViewController.m in Sources */ = {isa = PBXBuildFile; fileRef = B2FF389916A791C80062C801 /* ViewController.m */; };
		B2FF38A116A7939F0062C801 /* ReformSimulator.plist in Resources */ = {isa = PBXBuildFile; fileRef = B2FF38A016A7939F0062C801 /* ReformSimulator.plist */; };
		B2FF38B216A7995B0062C801 /* 1.JPG in Resources */ = {isa = PBXBuildFile; fileRef = B2FF38A316A7995B0062C801 /* 1.JPG */; };
		B2FF38B316A7995B0062C801 /* 10.JPG in Resources */ = {isa = PBXBuildFile; fileRef = B2FF38A416A7995B0062C801 /* 10.JPG */; };
		B2FF38B416A7995B0062C801 /* 11.JPG in Resources */ = {isa = PBXBuildFile; fileRef = B2FF38A516A7995B0062C801 /* 11.JPG */; };
		B2FF38B516A7995B0062C801 /* 12.JPG in Resources */ = {isa = PBXBuildFile; fileRef = B2FF38A616A7995B0062C801 /* 12.JPG */; };
		B2FF38B616A7995B0062C801 /* 13.JPG in Resources */ = {isa = PBXBuildFile; fileRef = B2FF38A716A7995B0062C801 /* 13.JPG */; };
		B2FF38B716A7995B0062C801 /* 14.JPG in Resources */ = {isa = PBXBuildFile; fileRef = B2FF38A816A7995B0062C801 /* 14.JPG */; };
		B2FF38B816A7995B0062C801 /* 15.JPG in Resources */ = {isa = PBXBuildFile; fileRef = B2FF38A916A7995B0062C801 /* 15.JPG */; };
		B2FF38B916A7995B0062C801 /* 2.JPG in Resources */ = {isa = PBXBuildFile; fileRef = B2FF38AA16A7995B0062C801 /* 2.JPG */; };
		B2FF38BA16A7995B0062C801 /* 3.JPG in Resources */ = {isa = PBXBuildFile; fileRef = B2FF38AB16A7995B0062C801 /* 3.JPG */; };
		B2FF38BB16A7995B0062C801 /* 4.JPG in Resources */ = {isa = PBXBuildFile; fileRef = B2FF38AC16A7995B0062C801 /* 4.JPG */; };
		B2FF38BC16A7995B0062C801 /* 5.JPG in Resources */ = {isa = PBXBuildFile; fileRef = B2FF38AD16A7995B0062C801 /* 5.JPG */; };
		B2FF38BD16A7995B0062C801 /* 6.JPG in Resources */ = {isa = PBXBuildFile; fileRef = B2FF38AE16A7995B0062C801 /* 6.JPG */; };
		B2FF38BE16A7995B0062C801 /* 7.JPG in Resources */ = {isa = PBXBuildFile; fileRef = B2FF38AF16A7995B0062C801 /* 7.JPG */; };
		B2FF38BF16A7995B0062C801 /* 8.JPG in Resources */ = {isa = PBXBuildFile; fileRef = B2FF38B016A7995B0062C801 /* 8.JPG */; };
		B2FF38C016A7995B0062C801 /* 9.JPG in Resources */ = {isa = PBXBuildFile; fileRef = B2FF38B116A7995B0062C801 /* 9.JPG */; };
/* End PBXBuildFile section */

/* Begin PBXFileReference section */
		B2FF387916A791C80062C801 /* ReformSimulator.app */ = {isa = PBXFileReference; explicitFileType = wrapper.application; includeInIndex = 0; path = ReformSimulator.app; sourceTree = BUILT_PRODUCTS_DIR; };
		B2FF387D16A791C80062C801 /* UIKit.framework */ = {isa = PBXFileReference; lastKnownFileType = wrapper.framework; name = UIKit.framework; path = System/Library/Frameworks/UIKit.framework; sourceTree = SDKROOT; };
		B2FF387F16A791C80062C801 /* Foundation.framework */ = {isa = PBXFileReference; lastKnownFileType = wrapper.framework; name = Foundation.framework; path = System/Library/Frameworks/Foundation.framework; sourceTree = SDKROOT; };
		B2FF388116A791C80062C801 /* CoreGraphics.framework */ = {isa = PBXFileReference; lastKnownFileType = wrapper.framework; name = CoreGraphics.framework; path = System/Library/Frameworks/CoreGraphics.framework; sourceTree = SDKROOT; };
		B2FF388516A791C80062C801 /* ReformSimulator-Info.plist */ = {isa = PBXFileReference; lastKnownFileType = text.plist.xml; path = "ReformSimulator-Info.plist"; sourceTree = "<group>"; };
		B2FF388716A791C80062C801 /* en */ = {isa = PBXFileReference; lastKnownFileType = text.plist.strings; name = en; path = en.lproj/InfoPlist.strings; sourceTree = "<group>"; };
		B2FF388916A791C80062C801 /* main.m */ = {isa = PBXFileReference; lastKnownFileType = sourcecode.c.objc; path = main.m; sourceTree = "<group>"; };
		B2FF388B16A791C80062C801 /* ReformSimulator-Prefix.pch */ = {isa = PBXFileReference; lastKnownFileType = sourcecode.c.h; path = "ReformSimulator-Prefix.pch"; sourceTree = "<group>"; };
		B2FF388C16A791C80062C801 /* AppDelegate.h */ = {isa = PBXFileReference; lastKnownFileType = sourcecode.c.h; path = AppDelegate.h; sourceTree = "<group>"; };
		B2FF388D16A791C80062C801 /* AppDelegate.m */ = {isa = PBXFileReference; lastKnownFileType = sourcecode.c.objc; path = AppDelegate.m; sourceTree = "<group>"; };
		B2FF388F16A791C80062C801 /* Default.png */ = {isa = PBXFileReference; lastKnownFileType = image.png; path = Default.png; sourceTree = "<group>"; };
		B2FF389116A791C80062C801 /* Default@2x.png */ = {isa = PBXFileReference; lastKnownFileType = image.png; path = "Default@2x.png"; sourceTree = "<group>"; };
		B2FF389316A791C80062C801 /* Default-568h@2x.png */ = {isa = PBXFileReference; lastKnownFileType = image.png; path = "Default-568h@2x.png"; sourceTree = "<group>"; };
		B2FF389616A791C80062C801 /* en */ = {isa = PBXFileReference; lastKnownFileType = file.storyboard; name = en; path = en.lproj/MainStoryboard.storyboard; sourceTree = "<group>"; };
		B2FF389816A791C80062C801 /* ViewController.h */ = {isa = PBXFileReference; lastKnownFileType = sourcecode.c.h; path = ViewController.h; sourceTree = "<group>"; };
		B2FF389916A791C80062C801 /* ViewController.m */ = {isa = PBXFileReference; lastKnownFileType = sourcecode.c.objc; path = ViewController.m; sourceTree = "<group>"; };
		B2FF38A016A7939F0062C801 /* ReformSimulator.plist */ = {isa = PBXFileReference; fileEncoding = 4; lastKnownFileType = text.plist.xml; path = ReformSimulator.plist; sourceTree = "<group>"; };
		B2FF38A316A7995B0062C801 /* 1.JPG */ = {isa = PBXFileReference; lastKnownFileType = image.jpeg; path = 1.JPG; sourceTree = "<group>"; };
		B2FF38A416A7995B0062C801 /* 10.JPG */ = {isa = PBXFileReference; lastKnownFileType = image.jpeg; path = 10.JPG; sourceTree = "<group>"; };
		B2FF38A516A7995B0062C801 /* 11.JPG */ = {isa = PBXFileReference; lastKnownFileType = image.jpeg; path = 11.JPG; sourceTree = "<group>"; };
		B2FF38A616A7995B0062C801 /* 12.JPG */ = {isa = PBXFileReference; lastKnownFileType = image.jpeg; path = 12.JPG; sourceTree = "<group>"; };
		B2FF38A716A7995B0062C801 /* 13.JPG */ = {isa = PBXFileReference; lastKnownFileType = image.jpeg; path = 13.JPG; sourceTree = "<group>"; };
		B2FF38A816A7995B0062C801 /* 14.JPG */ = {isa = PBXFileReference; lastKnownFileType = image.jpeg; path = 14.JPG; sourceTree = "<group>"; };
		B2FF38A916A7995B0062C801 /* 15.JPG */ = {isa = PBXFileReference; lastKnownFileType = image.jpeg; path = 15.JPG; sourceTree = "<group>"; };
		B2FF38AA16A7995B0062C801 /* 2.JPG */ = {isa = PBXFileReference; lastKnownFileType = image.jpeg; path = 2.JPG; sourceTree = "<group>"; };
		B2FF38AB16A7995B0062C801 /* 3.JPG */ = {isa = PBXFileReference; lastKnownFileType = image.jpeg; path = 3.JPG; sourceTree = "<group>"; };
		B2FF38AC16A7995B0062C801 /* 4.JPG */ = {isa = PBXFileReference; lastKnownFileType = image.jpeg; path = 4.JPG; sourceTree = "<group>"; };
		B2FF38AD16A7995B0062C801 /* 5.JPG */ = {isa = PBXFileReference; lastKnownFileType = image.jpeg; path = 5.JPG; sourceTree = "<group>"; };
		B2FF38AE16A7995B0062C801 /* 6.JPG */ = {isa = PBXFileReference; lastKnownFileType = image.jpeg; path = 6.JPG; sourceTree = "<group>"; };
		B2FF38AF16A7995B0062C801 /* 7.JPG */ = {isa = PBXFileReference; lastKnownFileType = image.jpeg; path = 7.JPG; sourceTree = "<group>"; };
		B2FF38B016A7995B0062C801 /* 8.JPG */ = {isa = PBXFileReference; lastKnownFileType = image.jpeg; path = 8.JPG; sourceTree = "<group>"; };
		B2FF38B116A7995B0062C801 /* 9.JPG */ = {isa = PBXFileReference; lastKnownFileType = image.jpeg; path = 9.JPG; sourceTree = "<group>"; };
/* End PBXFileReference section */

/* Begin PBXFrameworksBuildPhase section */
		B2FF387616A791C80062C801 /* Frameworks */ = {
			isa = PBXFrameworksBuildPhase;
			buildActionMask = 2147483647;
			files = (
				B2FF387E16A791C80062C801 /* UIKit.framework in Frameworks */,
				B2FF388016A791C80062C801 /* Foundation.framework in Frameworks */,
				B2FF388216A791C80062C801 /* CoreGraphics.framework in Frameworks */,
			);
			runOnlyForDeploymentPostprocessing = 0;
		};
/* End PBXFrameworksBuildPhase section */

/* Begin PBXGroup section */
		B2FF386E16A791C80062C801 = {
			isa = PBXGroup;
			children = (
				B2FF388316A791C80062C801 /* ReformSimulator */,
				B2FF387C16A791C80062C801 /* Frameworks */,
				B2FF387A16A791C80062C801 /* Products */,
			);
			sourceTree = "<group>";
		};
		B2FF387A16A791C80062C801 /* Products */ = {
			isa = PBXGroup;
			children = (
				B2FF387916A791C80062C801 /* ReformSimulator.app */,
			);
			name = Products;
			sourceTree = "<group>";
		};
		B2FF387C16A791C80062C801 /* Frameworks */ = {
			isa = PBXGroup;
			children = (
				B2FF387D16A791C80062C801 /* UIKit.framework */,
				B2FF387F16A791C80062C801 /* Foundation.framework */,
				B2FF388116A791C80062C801 /* CoreGraphics.framework */,
			);
			name = Frameworks;
			sourceTree = "<group>";
		};
		B2FF388316A791C80062C801 /* ReformSimulator */ = {
			isa = PBXGroup;
			children = (
				B2FF38A216A7995B0062C801 /* Images */,
				B2FF388C16A791C80062C801 /* AppDelegate.h */,
				B2FF388D16A791C80062C801 /* AppDelegate.m */,
				B2FF389516A791C80062C801 /* MainStoryboard.storyboard */,
				B2FF389816A791C80062C801 /* ViewController.h */,
				B2FF389916A791C80062C801 /* ViewController.m */,
				B2FF388416A791C80062C801 /* Supporting Files */,
				B2FF38A016A7939F0062C801 /* ReformSimulator.plist */,
			);
			path = ReformSimulator;
			sourceTree = "<group>";
		};
		B2FF388416A791C80062C801 /* Supporting Files */ = {
			isa = PBXGroup;
			children = (
				B2FF388516A791C80062C801 /* ReformSimulator-Info.plist */,
				B2FF388616A791C80062C801 /* InfoPlist.strings */,
				B2FF388916A791C80062C801 /* main.m */,
				B2FF388B16A791C80062C801 /* ReformSimulator-Prefix.pch */,
				B2FF388F16A791C80062C801 /* Default.png */,
				B2FF389116A791C80062C801 /* Default@2x.png */,
				B2FF389316A791C80062C801 /* Default-568h@2x.png */,
			);
			name = "Supporting Files";
			sourceTree = "<group>";
		};
		B2FF38A216A7995B0062C801 /* Images */ = {
			isa = PBXGroup;
			children = (
				B2FF38A316A7995B0062C801 /* 1.JPG */,
				B2FF38A416A7995B0062C801 /* 10.JPG */,
				B2FF38A516A7995B0062C801 /* 11.JPG */,
				B2FF38A616A7995B0062C801 /* 12.JPG */,
				B2FF38A716A7995B0062C801 /* 13.JPG */,
				B2FF38A816A7995B0062C801 /* 14.JPG */,
				B2FF38A916A7995B0062C801 /* 15.JPG */,
				B2FF38AA16A7995B0062C801 /* 2.JPG */,
				B2FF38AB16A7995B0062C801 /* 3.JPG */,
				B2FF38AC16A7995B0062C801 /* 4.JPG */,
				B2FF38AD16A7995B0062C801 /* 5.JPG */,
				B2FF38AE16A7995B0062C801 /* 6.JPG */,
				B2FF38AF16A7995B0062C801 /* 7.JPG */,
				B2FF38B016A7995B0062C801 /* 8.JPG */,
				B2FF38B116A7995B0062C801 /* 9.JPG */,
			);
			path = Images;
			sourceTree = "<group>";
		};
/* End PBXGroup section */

/* Begin PBXNativeTarget section */
		B2FF387816A791C80062C801 /* ReformSimulator */ = {
			isa = PBXNativeTarget;
			buildConfigurationList = B2FF389D16A791C80062C801 /* Build configuration list for PBXNativeTarget "ReformSimulator" */;
			buildPhases = (
				B2FF387516A791C80062C801 /* Sources */,
				B2FF387616A791C80062C801 /* Frameworks */,
				B2FF387716A791C80062C801 /* Resources */,
			);
			buildRules = (
			);
			dependencies = (
			);
			name = ReformSimulator;
			productName = ReformSimulator;
			productReference = B2FF387916A791C80062C801 /* ReformSimulator.app */;
			productType = "com.apple.product-type.application";
		};
/* End PBXNativeTarget section */

/* Begin PBXProject section */
		B2FF387016A791C80062C801 /* Project object */ = {
			isa = PBXProject;
			attributes = {
				LastUpgradeCheck = 0450;
				ORGANIZATIONNAME = "山田 慶";
			};
			buildConfigurationList = B2FF387316A791C80062C801 /* Build configuration list for PBXProject "ReformSimulator" */;
			compatibilityVersion = "Xcode 3.2";
			developmentRegion = English;
			hasScannedForEncodings = 0;
			knownRegions = (
				en,
			);
			mainGroup = B2FF386E16A791C80062C801;
			productRefGroup = B2FF387A16A791C80062C801 /* Products */;
			projectDirPath = "";
			projectRoot = "";
			targets = (
				B2FF387816A791C80062C801 /* ReformSimulator */,
			);
		};
/* End PBXProject section */

/* Begin PBXResourcesBuildPhase section */
		B2FF387716A791C80062C801 /* Resources */ = {
			isa = PBXResourcesBuildPhase;
			buildActionMask = 2147483647;
			files = (
				B2FF388816A791C80062C801 /* InfoPlist.strings in Resources */,
				B2FF389016A791C80062C801 /* Default.png in Resources */,
				B2FF389216A791C80062C801 /* Default@2x.png in Resources */,
				B2FF389416A791C80062C801 /* Default-568h@2x.png in Resources */,
				B2FF389716A791C80062C801 /* MainStoryboard.storyboard in Resources */,
				B2FF38A116A7939F0062C801 /* ReformSimulator.plist in Resources */,
				B2FF38B216A7995B0062C801 /* 1.JPG in Resources */,
				B2FF38B316A7995B0062C801 /* 10.JPG in Resources */,
				B2FF38B416A7995B0062C801 /* 11.JPG in Resources */,
				B2FF38B516A7995B0062C801 /* 12.JPG in Resources */,
				B2FF38B616A7995B0062C801 /* 13.JPG in Resources */,
				B2FF38B716A7995B0062C801 /* 14.JPG in Resources */,
				B2FF38B816A7995B0062C801 /* 15.JPG in Resources */,
				B2FF38B916A7995B0062C801 /* 2.JPG in Resources */,
				B2FF38BA16A7995B0062C801 /* 3.JPG in Resources */,
				B2FF38BB16A7995B0062C801 /* 4.JPG in Resources */,
				B2FF38BC16A7995B0062C801 /* 5.JPG in Resources */,
				B2FF38BD16A7995B0062C801 /* 6.JPG in Resources */,
				B2FF38BE16A7995B0062C801 /* 7.JPG in Resources */,
				B2FF38BF16A7995B0062C801 /* 8.JPG in Resources */,
				B2FF38C016A7995B0062C801 /* 9.JPG in Resources */,
			);
			runOnlyForDeploymentPostprocessing = 0;
		};
/* End PBXResourcesBuildPhase section */

/* Begin PBXSourcesBuildPhase section */
		B2FF387516A791C80062C801 /* Sources */ = {
			isa = PBXSourcesBuildPhase;
			buildActionMask = 2147483647;
			files = (
				B2FF388A16A791C80062C801 /* main.m in Sources */,
				B2FF388E16A791C80062C801 /* AppDelegate.m in Sources */,
				B2FF389A16A791C80062C801 /* ViewController.m in Sources */,
			);
			runOnlyForDeploymentPostprocessing = 0;
		};
/* End PBXSourcesBuildPhase section */

/* Begin PBXVariantGroup section */
		B2FF388616A791C80062C801 /* InfoPlist.strings */ = {
			isa = PBXVariantGroup;
			children = (
				B2FF388716A791C80062C801 /* en */,
			);
			name = InfoPlist.strings;
			sourceTree = "<group>";
		};
		B2FF389516A791C80062C801 /* MainStoryboard.storyboard */ = {
			isa = PBXVariantGroup;
			children = (
				B2FF389616A791C80062C801 /* en */,
			);
			name = MainStoryboard.storyboard;
			sourceTree = "<group>";
		};
/* End PBXVariantGroup section */

/* Begin XCBuildConfiguration section */
		B2FF389B16A791C80062C801 /* Debug */ = {
			isa = XCBuildConfiguration;
			buildSettings = {
				ALWAYS_SEARCH_USER_PATHS = NO;
				CLANG_CXX_LANGUAGE_STANDARD = "gnu++0x";
				CLANG_CXX_LIBRARY = "libc++";
				CLANG_ENABLE_OBJC_ARC = YES;
				CLANG_WARN_EMPTY_BODY = YES;
				CLANG_WARN__DUPLICATE_METHOD_MATCH = YES;
				"CODE_SIGN_IDENTITY[sdk=iphoneos*]" = "iPhone Developer";
				COPY_PHASE_STRIP = NO;
				GCC_C_LANGUAGE_STANDARD = gnu99;
				GCC_DYNAMIC_NO_PIC = NO;
				GCC_OPTIMIZATION_LEVEL = 0;
				GCC_PREPROCESSOR_DEFINITIONS = (
					"DEBUG=1",
					"$(inherited)",
				);
				GCC_SYMBOLS_PRIVATE_EXTERN = NO;
				GCC_WARN_ABOUT_RETURN_TYPE = YES;
				GCC_WARN_UNINITIALIZED_AUTOS = YES;
				GCC_WARN_UNUSED_VARIABLE = YES;
				IPHONEOS_DEPLOYMENT_TARGET = 6.0;
				ONLY_ACTIVE_ARCH = YES;
				SDKROOT = iphoneos;
				TARGETED_DEVICE_FAMILY = 2;
			};
			name = Debug;
		};
		B2FF389C16A791C80062C801 /* Release */ = {
			isa = XCBuildConfiguration;
			buildSettings = {
				ALWAYS_SEARCH_USER_PATHS = NO;
				CLANG_CXX_LANGUAGE_STANDARD = "gnu++0x";
				CLANG_CXX_LIBRARY = "libc++";
				CLANG_ENABLE_OBJC_ARC = YES;
				CLANG_WARN_EMPTY_BODY = YES;
				CLANG_WARN__DUPLICATE_METHOD_MATCH = YES;
				"CODE_SIGN_IDENTITY[sdk=iphoneos*]" = "iPhone Developer";
				COPY_PHASE_STRIP = YES;
				GCC_C_LANGUAGE_STANDARD = gnu99;
				GCC_WARN_ABOUT_RETURN_TYPE = YES;
				GCC_WARN_UNINITIALIZED_AUTOS = YES;
				GCC_WARN_UNUSED_VARIABLE = YES;
				IPHONEOS_DEPLOYMENT_TARGET = 6.0;
				OTHER_CFLAGS = "-DNS_BLOCK_ASSERTIONS=1";
				SDKROOT = iphoneos;
				TARGETED_DEVICE_FAMILY = 2;
				VALIDATE_PRODUCT = YES;
			};
			name = Release;
		};
		B2FF389E16A791C80062C801 /* Debug */ = {
			isa = XCBuildConfiguration;
			buildSettings = {
				GCC_PRECOMPILE_PREFIX_HEADER = YES;
				GCC_PREFIX_HEADER = "ReformSimulator/ReformSimulator-Prefix.pch";
				INFOPLIST_FILE = "ReformSimulator/ReformSimulator-Info.plist";
				PRODUCT_NAME = "$(TARGET_NAME)";
				WRAPPER_EXTENSION = app;
			};
			name = Debug;
		};
		B2FF389F16A791C80062C801 /* Release */ = {
			isa = XCBuildConfiguration;
			buildSettings = {
				GCC_PRECOMPILE_PREFIX_HEADER = YES;
				GCC_PREFIX_HEADER = "ReformSimulator/ReformSimulator-Prefix.pch";
				INFOPLIST_FILE = "ReformSimulator/ReformSimulator-Info.plist";
				PRODUCT_NAME = "$(TARGET_NAME)";
				WRAPPER_EXTENSION = app;
			};
			name = Release;
		};
/* End XCBuildConfiguration section */

/* Begin XCConfigurationList section */
		B2FF387316A791C80062C801 /* Build configuration list for PBXProject "ReformSimulator" */ = {
			isa = XCConfigurationList;
			buildConfigurations = (
				B2FF389B16A791C80062C801 /* Debug */,
				B2FF389C16A791C80062C801 /* Release */,
			);
			defaultConfigurationIsVisible = 0;
			defaultConfigurationName = Release;
		};
		B2FF389D16A791C80062C801 /* Build configuration list for PBXNativeTarget "ReformSimulator" */ = {
			isa = XCConfigurationList;
			buildConfigurations = (
				B2FF389E16A791C80062C801 /* Debug */,
				B2FF389F16A791C80062C801 /* Release */,
			);
			defaultConfigurationIsVisible = 0;
		};
/* End XCConfigurationList section */
	};
	rootObject = B2FF387016A791C80062C801 /* Project object */;
}
